
Microsoft Visual Studio Solution File, Format Version 12.00
# Visual Studio Version 17
VisualStudioVersion = 17.6.33801.468
MinimumVisualStudioVersion = 10.0.40219.1
Project("{FAE04EC0-301F-11D3-BF4B-00C04F79EFBC}") = "Libraty_prog", "Libraty_prog\Libraty_prog.csproj", "{4D9A2AE3-20B8-4BCE-830D-BB54B02DDCB7}"
EndProject
Global
	GlobalSection(SolutionConfigurationPlatforms) = preSolution
		Debug|Any CPU = Debug|Any CPU
		Release|Any CPU = Release|Any CPU
	EndGlobalSection
	GlobalSection(ProjectConfigurationPlatforms) = postSolution
		{4D9A2AE3-20B8-4BCE-830D-BB54B02DDCB7}.Debug|Any CPU.ActiveCfg = Debug|Any CPU
		{4D9A2AE3-20B8-4BCE-830D-BB54B02DDCB7}.Debug|Any CPU.Build.0 = Debug|Any CPU
		{4D9A2AE3-20B8-4BCE-830D-BB54B02DDCB7}.Release|Any CPU.ActiveCfg = Release|Any CPU
		{4D9A2AE3-20B8-4BCE-830D-BB54B02DDCB7}.Release|Any CPU.Build.0 = Release|Any CPU
	EndGlobalSection
	GlobalSection(SolutionProperties) = preSolution
		HideSolutionNode = FALSE
	EndGlobalSection
	GlobalSection(ExtensibilityGlobals) = postSolution
		SolutionGuid = {9895DD4C-192E-4D17-8370-5F5DDA2A5928}
	EndGlobalSection
EndGlobal
